
Microsoft Visual Studio Solution File, Format Version 12.00
# Visual Studio Version 16
VisualStudioVersion = 16.0.30011.22
MinimumVisualStudioVersion = 10.0.40219.1
Project("{FAE04EC0-301F-11D3-BF4B-00C04F79EFBC}") = "Battleship", "Battleship\Battleship.csproj", "{BDC8F9D9-D699-4F5D-AFDF-8D9FA34F6707}"
EndProject
Global
	GlobalSection(SolutionConfigurationPlatforms) = preSolution
		Debug|Any CPU = Debug|Any CPU
		Release|Any CPU = Release|Any CPU
	EndGlobalSection
	GlobalSection(ProjectConfigurationPlatforms) = postSolution
		{BDC8F9D9-D699-4F5D-AFDF-8D9FA34F6707}.Debug|Any CPU.ActiveCfg = Debug|Any CPU
		{BDC8F9D9-D699-4F5D-AFDF-8D9FA34F6707}.Debug|Any CPU.Build.0 = Debug|Any CPU
		{BDC8F9D9-D699-4F5D-AFDF-8D9FA34F6707}.Release|Any CPU.ActiveCfg = Release|Any CPU
		{BDC8F9D9-D699-4F5D-AFDF-8D9FA34F6707}.Release|Any CPU.Build.0 = Release|Any CPU
	EndGlobalSection
	GlobalSection(SolutionProperties) = preSolution
		HideSolutionNode = FALSE
	EndGlobalSection
	GlobalSection(ExtensibilityGlobals) = postSolution
		SolutionGuid = {943A0AA2-C884-42FB-AD68-FB6E11EB1E7B}
	EndGlobalSection
EndGlobal
